
Microsoft Visual Studio Solution File, Format Version 12.00
# Visual Studio 14
VisualStudioVersion = 14.0.25420.1
MinimumVisualStudioVersion = 10.0.40219.1
Project("{FAE04EC0-301F-11D3-BF4B-00C04F79EFBC}") = "01.ReverseNumber", "01.ReverseNumber\01.ReverseNumber.csproj", "{2919539D-EDE7-40B7-899E-A6030F6FBC83}"
EndProject
Project("{FAE04EC0-301F-11D3-BF4B-00C04F79EFBC}") = "02.CalculateSequenceWithAQueue", "02.CalculateSequenceWithAQueue\02.CalculateSequenceWithAQueue.csproj", "{AB0A0ADE-3FDA-430F-B5D4-BD837C80557F}"
EndProject
Project("{FAE04EC0-301F-11D3-BF4B-00C04F79EFBC}") = "03.ArrayStack", "03.ArrayStack\03.ArrayStack.csproj", "{1BEAD887-2050-43D0-A1A4-CEB8A349D9A7}"
EndProject
Project("{FAE04EC0-301F-11D3-BF4B-00C04F79EFBC}") = "04. Linked Stack", "04. Linked Stack\04. Linked Stack.csproj", "{5AE77F0E-C277-4FBB-87A1-1663B83AAD8D}"
EndProject
Global
	GlobalSection(SolutionConfigurationPlatforms) = preSolution
		Debug|Any CPU = Debug|Any CPU
		Release|Any CPU = Release|Any CPU
	EndGlobalSection
	GlobalSection(ProjectConfigurationPlatforms) = postSolution
		{2919539D-EDE7-40B7-899E-A6030F6FBC83}.Debug|Any CPU.ActiveCfg = Debug|Any CPU
		{2919539D-EDE7-40B7-899E-A6030F6FBC83}.Debug|Any CPU.Build.0 = Debug|Any CPU
		{2919539D-EDE7-40B7-899E-A6030F6FBC83}.Release|Any CPU.ActiveCfg = Release|Any CPU
		{2919539D-EDE7-40B7-899E-A6030F6FBC83}.Release|Any CPU.Build.0 = Release|Any CPU
		{AB0A0ADE-3FDA-430F-B5D4-BD837C80557F}.Debug|Any CPU.ActiveCfg = Debug|Any CPU
		{AB0A0ADE-3FDA-430F-B5D4-BD837C80557F}.Debug|Any CPU.Build.0 = Debug|Any CPU
		{AB0A0ADE-3FDA-430F-B5D4-BD837C80557F}.Release|Any CPU.ActiveCfg = Release|Any CPU
		{AB0A0ADE-3FDA-430F-B5D4-BD837C80557F}.Release|Any CPU.Build.0 = Release|Any CPU
		{1BEAD887-2050-43D0-A1A4-CEB8A349D9A7}.Debug|Any CPU.ActiveCfg = Debug|Any CPU
		{1BEAD887-2050-43D0-A1A4-CEB8A349D9A7}.Debug|Any CPU.Build.0 = Debug|Any CPU
		{1BEAD887-2050-43D0-A1A4-CEB8A349D9A7}.Release|Any CPU.ActiveCfg = Release|Any CPU
		{1BEAD887-2050-43D0-A1A4-CEB8A349D9A7}.Release|Any CPU.Build.0 = Release|Any CPU
		{5AE77F0E-C277-4FBB-87A1-1663B83AAD8D}.Debug|Any CPU.ActiveCfg = Debug|Any CPU
		{5AE77F0E-C277-4FBB-87A1-1663B83AAD8D}.Debug|Any CPU.Build.0 = Debug|Any CPU
		{5AE77F0E-C277-4FBB-87A1-1663B83AAD8D}.Release|Any CPU.ActiveCfg = Release|Any CPU
		{5AE77F0E-C277-4FBB-87A1-1663B83AAD8D}.Release|Any CPU.Build.0 = Release|Any CPU
	EndGlobalSection
	GlobalSection(SolutionProperties) = preSolution
		HideSolutionNode = FALSE
	EndGlobalSection
EndGlobal
